
Microsoft Visual Studio Solution File, Format Version 12.00
# Visual Studio Version 16
VisualStudioVersion = 16.0.29806.167
MinimumVisualStudioVersion = 10.0.40219.1
Project("{FAE04EC0-301F-11D3-BF4B-00C04F79EFBC}") = "snake", "snake\snake.csproj", "{96341920-2930-46F9-BB45-E4923537C0DE}"
EndProject
Global
	GlobalSection(SolutionConfigurationPlatforms) = preSolution
		Debug|Any CPU = Debug|Any CPU
		Release|Any CPU = Release|Any CPU
	EndGlobalSection
	GlobalSection(ProjectConfigurationPlatforms) = postSolution
		{96341920-2930-46F9-BB45-E4923537C0DE}.Debug|Any CPU.ActiveCfg = Debug|Any CPU
		{96341920-2930-46F9-BB45-E4923537C0DE}.Debug|Any CPU.Build.0 = Debug|Any CPU
		{96341920-2930-46F9-BB45-E4923537C0DE}.Release|Any CPU.ActiveCfg = Release|Any CPU
		{96341920-2930-46F9-BB45-E4923537C0DE}.Release|Any CPU.Build.0 = Release|Any CPU
	EndGlobalSection
	GlobalSection(SolutionProperties) = preSolution
		HideSolutionNode = FALSE
	EndGlobalSection
	GlobalSection(ExtensibilityGlobals) = postSolution
		SolutionGuid = {66B6C04F-BA94-428F-A32C-D6F631C319D3}
	EndGlobalSection
EndGlobal
